{
  "name": "autodemo",
  "version": "1.0.0",
  "lockfileVersion": 3,
  "requires": true,
  "packages": {
    "": {
      "name": "autodemo",
      "version": "1.0.0",
      "license": "MIT",
      "dependencies": {
        "moment": "^2.30.1",
        "srcds-rcon": "^2.2.1"
      }
    },
    "node_modules/moment": {
      "version": "2.30.1",
      "resolved": "https://registry.npmjs.org/moment/-/moment-2.30.1.tgz",
      "integrity": "sha512-uEmtNhbDOrWPFS+hdjFCBfy9f2YoyzRpwcl+DqpC6taX21FzsTLQVbMV/W7PzNSX6x/bhC1zA3c2UQ5NzH6how==",
      "engines": {
        "node": "*"
      }
    },
    "node_modules/srcds-rcon": {
      "version": "2.2.1",
      "resolved": "https://registry.npmjs.org/srcds-rcon/-/srcds-rcon-2.2.1.tgz",
      "integrity": "sha512-f88yTif5rXDjxstkMTBNbe3HhTf7M3u30SxB0wDv3zY+vD2eg+yYb4TGfPNrMiX15VHrf39ARK8HMoDHHOf7RA=="
    }
  }
}
